// !$*UTF8*$!
{
	archiveVersion = 1;
	classes = {
	};
	objectVersion = 46;
	objects = {

/* Begin PBXContainerItemProxy section */
		57918EF61EAA87540088794F /* PBXContainerItemProxy */ = {
			isa = PBXContainerItemProxy;
			containerPortal = 57918EEB1EAA87540088794F /* SQLite.xcodeproj */;
			proxyType = 2;
			remoteGlobalIDString = EE247AD31C3F04ED00AE3E12;
			remoteInfo = "SQLite iOS";
		};
		57918EF81EAA87540088794F /* PBXContainerItemProxy */ = {
			isa = PBXContainerItemProxy;
			containerPortal = 57918EEB1EAA87540088794F /* SQLite.xcodeproj */;
			proxyType = 2;
			remoteGlobalIDString = EE247ADD1C3F04ED00AE3E12;
			remoteInfo = "SQLiteTests iOS";
		};
		57918EFA1EAA87540088794F /* PBXContainerItemProxy */ = {
			isa = PBXContainerItemProxy;
			containerPortal = 57918EEB1EAA87540088794F /* SQLite.xcodeproj */;
			proxyType = 2;
			remoteGlobalIDString = EE247B3C1C3F3ED000AE3E12;
			remoteInfo = "SQLite Mac";
		};
		57918EFC1EAA87540088794F /* PBXContainerItemProxy */ = {
			isa = PBXContainerItemProxy;
			containerPortal = 57918EEB1EAA87540088794F /* SQLite.xcodeproj */;
			proxyType = 2;
			remoteGlobalIDString = EE247B451C3F3ED000AE3E12;
			remoteInfo = "SQLiteTests Mac";
		};
		57918EFE1EAA87540088794F /* PBXContainerItemProxy */ = {
			isa = PBXContainerItemProxy;
			containerPortal = 57918EEB1EAA87540088794F /* SQLite.xcodeproj */;
			proxyType = 2;
			remoteGlobalIDString = 03A65E5A1C6BB0F50062603F;
			remoteInfo = "SQLite tvOS";
		};
		57918F001EAA87540088794F /* PBXContainerItemProxy */ = {
			isa = PBXContainerItemProxy;
			containerPortal = 57918EEB1EAA87540088794F /* SQLite.xcodeproj */;
			proxyType = 2;
			remoteGlobalIDString = 03A65E631C6BB0F60062603F;
			remoteInfo = "SQLiteTests tvOS";
		};
		57918F021EAA87540088794F /* PBXContainerItemProxy */ = {
			isa = PBXContainerItemProxy;
			containerPortal = 57918EEB1EAA87540088794F /* SQLite.xcodeproj */;
			proxyType = 2;
			remoteGlobalIDString = A121AC451CA35C79005A31D1;
			remoteInfo = "SQLite watchOS";
		};
/* End PBXContainerItemProxy section */

/* Begin PBXFileReference section */
		57918ED81EAA87540088794F /* .cocoadocs.yml */ = {isa = PBXFileReference; lastKnownFileType = text; path = .cocoadocs.yml; sourceTree = "<group>"; };
		57918ED91EAA87540088794F /* .DS_Store */ = {isa = PBXFileReference; lastKnownFileType = file; path = .DS_Store; sourceTree = "<group>"; };
		57918EDA1EAA87540088794F /* .gitignore */ = {isa = PBXFileReference; lastKnownFileType = text; path = .gitignore; sourceTree = "<group>"; };
		57918EDB1EAA87540088794F /* .gitmodules */ = {isa = PBXFileReference; lastKnownFileType = text; path = .gitmodules; sourceTree = "<group>"; };
		57918EDC1EAA87540088794F /* .swift-version */ = {isa = PBXFileReference; lastKnownFileType = text; path = ".swift-version"; sourceTree = "<group>"; };
		57918EDD1EAA87540088794F /* .travis.yml */ = {isa = PBXFileReference; lastKnownFileType = text; path = .travis.yml; sourceTree = "<group>"; };
		57918EDE1EAA87540088794F /* Carthage */ = {isa = PBXFileReference; lastKnownFileType = folder; path = Carthage; sourceTree = "<group>"; };
		57918EDF1EAA87540088794F /* CHANGELOG.md */ = {isa = PBXFileReference; lastKnownFileType = net.daringfireball.markdown; path = CHANGELOG.md; sourceTree = "<group>"; };
		57918EE01EAA87540088794F /* CocoaPods */ = {isa = PBXFileReference; lastKnownFileType = folder; path = CocoaPods; sourceTree = "<group>"; };
		57918EE11EAA87540088794F /* CONTRIBUTING.md */ = {isa = PBXFileReference; lastKnownFileType = net.daringfireball.markdown; path = CONTRIBUTING.md; sourceTree = "<group>"; };
		57918EE21EAA87540088794F /* Documentation */ = {isa = PBXFileReference; lastKnownFileType = folder; path = Documentation; sourceTree = "<group>"; };
		57918EE31EAA87540088794F /* LICENSE.txt */ = {isa = PBXFileReference; lastKnownFileType = text; path = LICENSE.txt; sourceTree = "<group>"; };
		57918EE41EAA87540088794F /* Makefile */ = {isa = PBXFileReference; lastKnownFileType = sourcecode.make; path = Makefile; sourceTree = "<group>"; };
		57918EE51EAA87540088794F /* Package.swift */ = {isa = PBXFileReference; lastKnownFileType = sourcecode.swift; path = Package.swift; sourceTree = "<group>"; };
		57918EE61EAA87540088794F /* README.md */ = {isa = PBXFileReference; lastKnownFileType = net.daringfireball.markdown; path = README.md; sourceTree = "<group>"; };
		57918EE71EAA87540088794F /* run-tests.sh */ = {isa = PBXFileReference; lastKnownFileType = text.script.sh; path = "run-tests.sh"; sourceTree = "<group>"; };
		57918EE81EAA87540088794F /* Sources */ = {isa = PBXFileReference; lastKnownFileType = folder; path = Sources; sourceTree = "<group>"; };
		57918EE91EAA87540088794F /* SQLite.playground */ = {isa = PBXFileReference; lastKnownFileType = file.playground; path = SQLite.playground; sourceTree = "<group>"; };
		57918EEA1EAA87540088794F /* SQLite.swift.podspec */ = {isa = PBXFileReference; lastKnownFileType = text; path = SQLite.swift.podspec; sourceTree = "<group>"; };
		57918EEB1EAA87540088794F /* SQLite.xcodeproj */ = {isa = PBXFileReference; lastKnownFileType = "wrapper.pb-project"; path = SQLite.xcodeproj; sourceTree = "<group>"; };
		57918EEE1EAA87540088794F /* Tests */ = {isa = PBXFileReference; lastKnownFileType = folder; path = Tests; sourceTree = "<group>"; };
/* End PBXFileReference section */

/* Begin PBXGroup section */
		57918ED21EAA87540088794F = {
			isa = PBXGroup;
			children = (
				57918ED81EAA87540088794F /* .cocoadocs.yml */,
				57918ED91EAA87540088794F /* .DS_Store */,
				57918EDA1EAA87540088794F /* .gitignore */,
				57918EDB1EAA87540088794F /* .gitmodules */,
				57918EDC1EAA87540088794F /* .swift-version */,
				57918EDD1EAA87540088794F /* .travis.yml */,
				57918EDE1EAA87540088794F /* Carthage */,
				57918EDF1EAA87540088794F /* CHANGELOG.md */,
				57918EE01EAA87540088794F /* CocoaPods */,
				57918EE11EAA87540088794F /* CONTRIBUTING.md */,
				57918EE21EAA87540088794F /* Documentation */,
				57918EE31EAA87540088794F /* LICENSE.txt */,
				57918EE41EAA87540088794F /* Makefile */,
				57918EE51EAA87540088794F /* Package.swift */,
				57918EE61EAA87540088794F /* README.md */,
				57918EE71EAA87540088794F /* run-tests.sh */,
				57918EE81EAA87540088794F /* Sources */,
				57918EE91EAA87540088794F /* SQLite.playground */,
				57918EEA1EAA87540088794F /* SQLite.swift.podspec */,
				57918EEB1EAA87540088794F /* SQLite.xcodeproj */,
				57918EEE1EAA87540088794F /* Tests */,
			);
			sourceTree = "<group>";
		};
		57918EEC1EAA87540088794F /* Products */ = {
			isa = PBXGroup;
			children = (
				57918EF71EAA87540088794F /* SQLite.framework */,
				57918EF91EAA87540088794F /* SQLiteTests iOS.xctest */,
				57918EFB1EAA87540088794F /* SQLite.framework */,
				57918EFD1EAA87540088794F /* SQLiteTests Mac.xctest */,
				57918EFF1EAA87540088794F /* SQLite.framework */,
				57918F011EAA87540088794F /* SQLiteTests tvOS.xctest */,
				57918F031EAA87540088794F /* SQLite.framework */,
			);
			name = Products;
			sourceTree = "<group>";
		};
/* End PBXGroup section */

/* Begin PBXLegacyTarget section */
		57918ED71EAA87540088794F /* SQLite.swift */ = {
			isa = PBXLegacyTarget;
			buildArgumentsString = "$(ACTION)";
			buildConfigurationList = 57918F041EAA87540088794F /* Build configuration list for PBXLegacyTarget "SQLite.swift" */;
			buildPhases = (
			);
			buildToolPath = /usr/bin/make;
			buildWorkingDirectory = /Users/arefabedjooy/Desktop/FoodTracker/Carthage/Checkouts/SQLite.swift;
			dependencies = (
			);
			name = SQLite.swift;
			passBuildSettingsInEnvironment = 1;
			productName = SQLite.swift;
		};
/* End PBXLegacyTarget section */

/* Begin PBXProject section */
		57918ED31EAA87540088794F /* Project object */ = {
			isa = PBXProject;
			attributes = {
			};
			buildConfigurationList = 57918ED61EAA87540088794F /* Build configuration list for PBXProject "SQLite.swift" */;
			compatibilityVersion = "Xcode 3.2";
			developmentRegion = English;
			hasScannedForEncodings = 0;
			knownRegions = (
				en,
			);
			mainGroup = 57918ED21EAA87540088794F;
			projectDirPath = "";
			projectReferences = (
				{
					ProductGroup = 57918EEC1EAA87540088794F /* Products */;
					ProjectRef = 57918EEB1EAA87540088794F /* SQLite.xcodeproj */;
				},
			);
			projectRoot = "";
			targets = (
				57918ED71EAA87540088794F /* SQLite.swift */,
			);
		};
/* End PBXProject section */

/* Begin PBXReferenceProxy section */
		57918EF71EAA87540088794F /* SQLite.framework */ = {
			isa = PBXReferenceProxy;
			fileType = wrapper.framework;
			path = SQLite.framework;
			remoteRef = 57918EF61EAA87540088794F /* PBXContainerItemProxy */;
			sourceTree = BUILT_PRODUCTS_DIR;
		};
		57918EF91EAA87540088794F /* SQLiteTests iOS.xctest */ = {
			isa = PBXReferenceProxy;
			fileType = wrapper.cfbundle;
			path = "SQLiteTests iOS.xctest";
			remoteRef = 57918EF81EAA87540088794F /* PBXContainerItemProxy */;
			sourceTree = BUILT_PRODUCTS_DIR;
		};
		57918EFB1EAA87540088794F /* SQLite.framework */ = {
			isa = PBXReferenceProxy;
			fileType = wrapper.framework;
			path = SQLite.framework;
			remoteRef = 57918EFA1EAA87540088794F /* PBXContainerItemProxy */;
			sourceTree = BUILT_PRODUCTS_DIR;
		};
		57918EFD1EAA87540088794F /* SQLiteTests Mac.xctest */ = {
			isa = PBXReferenceProxy;
			fileType = wrapper.cfbundle;
			path = "SQLiteTests Mac.xctest";
			remoteRef = 57918EFC1EAA87540088794F /* PBXContainerItemProxy */;
			sourceTree = BUILT_PRODUCTS_DIR;
		};
		57918EFF1EAA87540088794F /* SQLite.framework */ = {
			isa = PBXReferenceProxy;
			fileType = wrapper.framework;
			path = SQLite.framework;
			remoteRef = 57918EFE1EAA87540088794F /* PBXContainerItemProxy */;
			sourceTree = BUILT_PRODUCTS_DIR;
		};
		57918F011EAA87540088794F /* SQLiteTests tvOS.xctest */ = {
			isa = PBXReferenceProxy;
			fileType = wrapper.cfbundle;
			path = "SQLiteTests tvOS.xctest";
			remoteRef = 57918F001EAA87540088794F /* PBXContainerItemProxy */;
			sourceTree = BUILT_PRODUCTS_DIR;
		};
		57918F031EAA87540088794F /* SQLite.framework */ = {
			isa = PBXReferenceProxy;
			fileType = wrapper.framework;
			path = SQLite.framework;
			remoteRef = 57918F021EAA87540088794F /* PBXContainerItemProxy */;
			sourceTree = BUILT_PRODUCTS_DIR;
		};
/* End PBXReferenceProxy section */

/* Begin XCBuildConfiguration section */
		57918ED41EAA87540088794F /* Debug */ = {
			isa = XCBuildConfiguration;
			buildSettings = {
				ARCHS = "$(ARCHS_STANDARD_32_BIT)";
				COPY_PHASE_STRIP = NO;
				GCC_WARN_ABOUT_RETURN_TYPE = YES;
				GCC_WARN_UNUSED_VARIABLE = YES;
				ONLY_ACTIVE_ARCH = YES;
				SDKROOT = macosx10.6;
			};
			name = Debug;
		};
		57918ED51EAA87540088794F /* Release */ = {
			isa = XCBuildConfiguration;
			buildSettings = {
				ARCHS = "$(ARCHS_STANDARD_32_BIT)";
				COPY_PHASE_STRIP = YES;
				GCC_WARN_ABOUT_RETURN_TYPE = YES;
				GCC_WARN_UNUSED_VARIABLE = YES;
				SDKROOT = macosx10.6;
			};
			name = Release;
		};
		57918F051EAA87540088794F /* Debug */ = {
			isa = XCBuildConfiguration;
			buildSettings = {
				COPY_PHASE_STRIP = NO;
				DEBUGGING_SYMBOLS = YES;
				GCC_DYNAMIC_NO_PIC = NO;
				GCC_ENABLE_FIX_AND_CONTINUE = YES;
				GCC_GENERATE_DEBUGGING_SYMBOLS = YES;
				GCC_OPTIMIZATION_LEVEL = 0;
				OTHER_CFLAGS = "";
				OTHER_LDFLAGS = "";
				PRODUCT_NAME = SQLite.swift;
			};
			name = Debug;
		};
		57918F061EAA87540088794F /* Release */ = {
			isa = XCBuildConfiguration;
			buildSettings = {
				COPY_PHASE_STRIP = YES;
				DEBUG_INFORMATION_FORMAT = "dwarf-with-dsym";
				GCC_ENABLE_FIX_AND_CONTINUE = NO;
				OTHER_CFLAGS = "";
				OTHER_LDFLAGS = "";
				PRODUCT_NAME = SQLite.swift;
			};
			name = Release;
		};
/* End XCBuildConfiguration section */

/* Begin XCConfigurationList section */
		57918ED61EAA87540088794F /* Build configuration list for PBXProject "SQLite.swift" */ = {
			isa = XCConfigurationList;
			buildConfigurations = (
				57918ED41EAA87540088794F /* Debug */,
				57918ED51EAA87540088794F /* Release */,
			);
			defaultConfigurationIsVisible = 0;
			defaultConfigurationName = Release;
		};
		57918F041EAA87540088794F /* Build configuration list for PBXLegacyTarget "SQLite.swift" */ = {
			isa = XCConfigurationList;
			buildConfigurations = (
				57918F051EAA87540088794F /* Debug */,
				57918F061EAA87540088794F /* Release */,
			);
			defaultConfigurationIsVisible = 0;
			defaultConfigurationName = Release;
		};
/* End XCConfigurationList section */
	};
	rootObject = 57918ED31EAA87540088794F /* Project object */;
}
